lockfileVersion: '6.0'

settings:
  autoInstallPeers: true
  excludeLinksFromLockfile: false

dependencies:
  perfect-scrollbar:
    specifier: ^1.5.5
    version: 1.5.5

packages:

  /perfect-scrollbar@1.5.5:
    resolution: {integrity: sha512-dzalfutyP3e/FOpdlhVryN4AJ5XDVauVWxybSkLZmakFE2sS3y3pc4JnSprw8tGmHvkaG5Edr5T7LBTZ+WWU2g==}
    dev: false
